
Microsoft Visual Studio Solution File, Format Version 12.00
# Visual Studio Version 17
VisualStudioVersion = 17.5.002.0
MinimumVisualStudioVersion = 10.0.40219.1
Project("{9A19103F-16F7-4668-BE54-9A1E7A4F7556}") = "googlemaps", "googlemaps.csproj", "{238CDAFE-0225-42ED-8D32-708EE915D538}"
EndProject
Global
	GlobalSection(SolutionConfigurationPlatforms) = preSolution
		Debug|Any CPU = Debug|Any CPU
		Release|Any CPU = Release|Any CPU
	EndGlobalSection
	GlobalSection(ProjectConfigurationPlatforms) = postSolution
		{238CDAFE-0225-42ED-8D32-708EE915D538}.Debug|Any CPU.ActiveCfg = Debug|Any CPU
		{238CDAFE-0225-42ED-8D32-708EE915D538}.Debug|Any CPU.Build.0 = Debug|Any CPU
		{238CDAFE-0225-42ED-8D32-708EE915D538}.Release|Any CPU.ActiveCfg = Release|Any CPU
		{238CDAFE-0225-42ED-8D32-708EE915D538}.Release|Any CPU.Build.0 = Release|Any CPU
	EndGlobalSection
	GlobalSection(SolutionProperties) = preSolution
		HideSolutionNode = FALSE
	EndGlobalSection
	GlobalSection(ExtensibilityGlobals) = postSolution
		SolutionGuid = {3B4B2EB7-928C-4335-8A4C-A8E2C3075030}
	EndGlobalSection
EndGlobal
